github.com/okzk/sdnotify v0.0.0-20180710141335-d9becc38acbd h1:+iAPaTbi1gZpcpDwe/BW1fx7Xoesv69hLNGPheoyhBs=
github.com/okzk/sdnotify v0.0.0-20180710141335-d9becc38acbd/go.mod h1:4soZNh0zW0LtYGdQ416i0jO0EIqMGcbtaspRS4BDvRQ=
github.com/qiniu/iconv v0.0.0-20150211190800-4c8758f4d583 h1:EMNB6OHB+AibvgJtgONOMc0gmztcFKdKmZfg7+VCeEQ=
github.com/qiniu/iconv v0.0.0-20150211190800-4c8758f4d583/go.mod h1:70MR/wDOhFn6Yf10KP+jVqF0W16hKVhdhy38IMuNzKM=
github.com/rs/xaccess v0.0.0-20151207073704-887177f7ce21 h1:DjpEQMQwoM9SExKVDJ/yFAP+7l6b5jE2dbqRIayMpqk=
github.com/rs/xaccess v0.0.0-20151207073704-887177f7ce21/go.mod h1:he5kXRmw8ajCYHpcXNno5IYxodyENhcVMp7FQd+qeHM=
github.com/rs/xhandler v0.0.0-20151224012956-d9d9599b6aaf h1:Df4QtDSQdFg5jenZonLrGr7iREOI/YAwYp18P7xjwPk=
github.com/rs/xhandler v0.0.0-20151224012956-d9d9599b6aaf/go.mod h1:RvLn4FgxWubrpZHtQLnOf6EwhN2hEMusxZOhcW9H3UQ=
github.com/rs/xid v0.0.0-20151216212758-9894c310ff78 h1:xN4nGTx6qrxDygZgFYfu/YaZTW5MVbCjkaPeShOKrxw=
github.com/rs/xid v0.0.0-20151216212758-9894c310ff78/go.mod h1:+uKXf+4Djp6Md1KODXJxgGQPKngRmWyn10oCKFzNHOQ=
github.com/rs/xlog v0.0.0-20151216012729-f1a173aa716b h1:ZUUqxNyjrE1K7QoRWNgM+48bl76BqHzyk5ja6gMAKzs=
github.com/rs/xlog v0.0.0-20151216012729-f1a173aa716b/go.mod h1:PJ0wmxt3GdhZAbIT0S8HQXsHuLt11tPiF8bUKXUV77w=
github.com/rs/xmux v0.0.0-20151224012527-c2f946b104f5 h1:P0kXQ37eN9bmlMMaF8hCxxx78V1Ig5o5HQL/LDUOZO4=
github.com/rs/xmux v0.0.0-20151224012527-c2f946b104f5/go.mod h1:2fYrkLzMaV3d/ah/80UayC8+h57k9jNLa6vtOBJvHoY=
github.com/rs/xstats v0.0.0-20151210233131-463f7e23a1b5 h1:TWikXS56swnsVFBIkQeZykH5vDLaIGa4pK60PuvW7Vg=
github.com/rs/xstats v0.0.0-20151210233131-463f7e23a1b5/go.mod h1:5Cg6M3g+Dp4RSFNYBtjJxxjksZc00LbESra5Sz6fGSU=
github.com/saintfish/chardet v0.0.0-20120816061221-3af4cd4741ca h1:NugYot0LIVPxTvN8n+Kvkn6TrbMyxQiuvKdEwFdR9vI=
github.com/saintfish/chardet v0.0.0-20120816061221-3af4cd4741ca/go.mod h1:uugorj2VCxiV1x+LzaIdVa9b4S4qGAcH6cbhh4qVxOU=
github.com/zenazn/goji v0.0.0-20151120200311-bf843a174a08 h1:bIsHnPMOikkee9C709x8NJdp8fsm9j/GKQfGsCqtWKo=
github.com/zenazn/goji v0.0.0-20151120200311-bf843a174a08/go.mod h1:7S9M489iMyHBNxwZnk9/EHS098H4/F6TATF2mIxtB1Q=
golang.org/x/net v0.0.0-20151224034648-ea6dba8c9388 h1:gB57lkY+/xkEp0eAu0hbSQ+OIoOe6SMzO5Nsa903xRs=
golang.org/x/net v0.0.0-20151224034648-ea6dba8c9388/go.mod h1:mL1N/T3taQHkDXs73rZJwtUhF3w3ftmwwsq0BUmARs4=
